
Microsoft Visual Studio Solution File, Format Version 12.00
# Visual Studio 15
VisualStudioVersion = 15.0.26430.13
MinimumVisualStudioVersion = 10.0.40219.1
Project("{FAE04EC0-301F-11D3-BF4B-00C04F79EFBC}") = "CurrentWorkingDirectory", "CurrentWorkingDirectory\CurrentWorkingDirectory.csproj", "{C5B4661D-5C9D-4D57-A4FD-A61EF64CE98C}"
EndProject
Project("{262852C6-CD72-467D-83FE-5EEB1973A190}") = "CurrentWorkingDirectory.Package", "CurrentWorkingDirectory.Package\CurrentWorkingDirectory.Package.jsproj", "{F7D7C2CB-4CEB-49EA-B278-C4A500D57DAB}"
EndProject
Project("{FAE04EC0-301F-11D3-BF4B-00C04F79EFBC}") = "CurrentWorkingDirectory2", "CurrentWorkingDirectory2\CurrentWorkingDirectory2.csproj", "{B2A2C41A-3EB5-4DDD-9DE8-FC7C11E2E2C6}"
EndProject
Project("{262852C6-CD72-467D-83FE-5EEB1973A190}") = "CurrentWorkingDirectory.Launcher", "CurrentWorkingDirectory.Launcher\CurrentWorkingDirectory.Launcher.jsproj", "{38038BD6-FD44-4D32-96F0-83872AC8573F}"
EndProject
Global
	GlobalSection(SolutionConfigurationPlatforms) = preSolution
		Debug|Any CPU = Debug|Any CPU
		Debug|ARM = Debug|ARM
		Debug|x64 = Debug|x64
		Debug|x86 = Debug|x86
		Release|Any CPU = Release|Any CPU
		Release|ARM = Release|ARM
		Release|x64 = Release|x64
		Release|x86 = Release|x86
	EndGlobalSection
	GlobalSection(ProjectConfigurationPlatforms) = postSolution
		{C5B4661D-5C9D-4D57-A4FD-A61EF64CE98C}.Debug|Any CPU.ActiveCfg = Debug|Any CPU
		{C5B4661D-5C9D-4D57-A4FD-A61EF64CE98C}.Debug|Any CPU.Build.0 = Debug|Any CPU
		{C5B4661D-5C9D-4D57-A4FD-A61EF64CE98C}.Debug|ARM.ActiveCfg = Debug|Any CPU
		{C5B4661D-5C9D-4D57-A4FD-A61EF64CE98C}.Debug|ARM.Build.0 = Debug|Any CPU
		{C5B4661D-5C9D-4D57-A4FD-A61EF64CE98C}.Debug|x64.ActiveCfg = Debug|Any CPU
		{C5B4661D-5C9D-4D57-A4FD-A61EF64CE98C}.Debug|x64.Build.0 = Debug|Any CPU
		{C5B4661D-5C9D-4D57-A4FD-A61EF64CE98C}.Debug|x86.ActiveCfg = Debug|Any CPU
		{C5B4661D-5C9D-4D57-A4FD-A61EF64CE98C}.Debug|x86.Build.0 = Debug|Any CPU
		{C5B4661D-5C9D-4D57-A4FD-A61EF64CE98C}.Release|Any CPU.ActiveCfg = Release|Any CPU
		{C5B4661D-5C9D-4D57-A4FD-A61EF64CE98C}.Release|Any CPU.Build.0 = Release|Any CPU
		{C5B4661D-5C9D-4D57-A4FD-A61EF64CE98C}.Release|ARM.ActiveCfg = Release|Any CPU
		{C5B4661D-5C9D-4D57-A4FD-A61EF64CE98C}.Release|ARM.Build.0 = Release|Any CPU
		{C5B4661D-5C9D-4D57-A4FD-A61EF64CE98C}.Release|x64.ActiveCfg = Release|Any CPU
		{C5B4661D-5C9D-4D57-A4FD-A61EF64CE98C}.Release|x64.Build.0 = Release|Any CPU
		{C5B4661D-5C9D-4D57-A4FD-A61EF64CE98C}.Release|x86.ActiveCfg = Release|Any CPU
		{C5B4661D-5C9D-4D57-A4FD-A61EF64CE98C}.Release|x86.Build.0 = Release|Any CPU
		{F7D7C2CB-4CEB-49EA-B278-C4A500D57DAB}.Debug|Any CPU.ActiveCfg = Debug|Any CPU
		{F7D7C2CB-4CEB-49EA-B278-C4A500D57DAB}.Debug|Any CPU.Build.0 = Debug|Any CPU
		{F7D7C2CB-4CEB-49EA-B278-C4A500D57DAB}.Debug|Any CPU.Deploy.0 = Debug|Any CPU
		{F7D7C2CB-4CEB-49EA-B278-C4A500D57DAB}.Debug|ARM.ActiveCfg = Debug|ARM
		{F7D7C2CB-4CEB-49EA-B278-C4A500D57DAB}.Debug|ARM.Build.0 = Debug|ARM
		{F7D7C2CB-4CEB-49EA-B278-C4A500D57DAB}.Debug|ARM.Deploy.0 = Debug|ARM
		{F7D7C2CB-4CEB-49EA-B278-C4A500D57DAB}.Debug|x64.ActiveCfg = Debug|x64
		{F7D7C2CB-4CEB-49EA-B278-C4A500D57DAB}.Debug|x64.Build.0 = Debug|x64
		{F7D7C2CB-4CEB-49EA-B278-C4A500D57DAB}.Debug|x64.Deploy.0 = Debug|x64
		{F7D7C2CB-4CEB-49EA-B278-C4A500D57DAB}.Debug|x86.ActiveCfg = Debug|x86
		{F7D7C2CB-4CEB-49EA-B278-C4A500D57DAB}.Debug|x86.Build.0 = Debug|x86
		{F7D7C2CB-4CEB-49EA-B278-C4A500D57DAB}.Debug|x86.Deploy.0 = Debug|x86
		{F7D7C2CB-4CEB-49EA-B278-C4A500D57DAB}.Release|Any CPU.ActiveCfg = Release|Any CPU
		{F7D7C2CB-4CEB-49EA-B278-C4A500D57DAB}.Release|Any CPU.Build.0 = Release|Any CPU
		{F7D7C2CB-4CEB-49EA-B278-C4A500D57DAB}.Release|Any CPU.Deploy.0 = Release|Any CPU
		{F7D7C2CB-4CEB-49EA-B278-C4A500D57DAB}.Release|ARM.ActiveCfg = Release|ARM
		{F7D7C2CB-4CEB-49EA-B278-C4A500D57DAB}.Release|ARM.Build.0 = Release|ARM
		{F7D7C2CB-4CEB-49EA-B278-C4A500D57DAB}.Release|ARM.Deploy.0 = Release|ARM
		{F7D7C2CB-4CEB-49EA-B278-C4A500D57DAB}.Release|x64.ActiveCfg = Release|x64
		{F7D7C2CB-4CEB-49EA-B278-C4A500D57DAB}.Release|x64.Build.0 = Release|x64
		{F7D7C2CB-4CEB-49EA-B278-C4A500D57DAB}.Release|x64.Deploy.0 = Release|x64
		{F7D7C2CB-4CEB-49EA-B278-C4A500D57DAB}.Release|x86.ActiveCfg = Release|x86
		{F7D7C2CB-4CEB-49EA-B278-C4A500D57DAB}.Release|x86.Build.0 = Release|x86
		{F7D7C2CB-4CEB-49EA-B278-C4A500D57DAB}.Release|x86.Deploy.0 = Release|x86
		{B2A2C41A-3EB5-4DDD-9DE8-FC7C11E2E2C6}.Debug|Any CPU.ActiveCfg = Debug|Any CPU
		{B2A2C41A-3EB5-4DDD-9DE8-FC7C11E2E2C6}.Debug|Any CPU.Build.0 = Debug|Any CPU
		{B2A2C41A-3EB5-4DDD-9DE8-FC7C11E2E2C6}.Debug|ARM.ActiveCfg = Debug|Any CPU
		{B2A2C41A-3EB5-4DDD-9DE8-FC7C11E2E2C6}.Debug|ARM.Build.0 = Debug|Any CPU
		{B2A2C41A-3EB5-4DDD-9DE8-FC7C11E2E2C6}.Debug|x64.ActiveCfg = Debug|Any CPU
		{B2A2C41A-3EB5-4DDD-9DE8-FC7C11E2E2C6}.Debug|x64.Build.0 = Debug|Any CPU
		{B2A2C41A-3EB5-4DDD-9DE8-FC7C11E2E2C6}.Debug|x86.ActiveCfg = Debug|Any CPU
		{B2A2C41A-3EB5-4DDD-9DE8-FC7C11E2E2C6}.Debug|x86.Build.0 = Debug|Any CPU
		{B2A2C41A-3EB5-4DDD-9DE8-FC7C11E2E2C6}.Release|Any CPU.ActiveCfg = Release|Any CPU
		{B2A2C41A-3EB5-4DDD-9DE8-FC7C11E2E2C6}.Release|Any CPU.Build.0 = Release|Any CPU
		{B2A2C41A-3EB5-4DDD-9DE8-FC7C11E2E2C6}.Release|ARM.ActiveCfg = Release|Any CPU
		{B2A2C41A-3EB5-4DDD-9DE8-FC7C11E2E2C6}.Release|ARM.Build.0 = Release|Any CPU
		{B2A2C41A-3EB5-4DDD-9DE8-FC7C11E2E2C6}.Release|x64.ActiveCfg = Release|Any CPU
		{B2A2C41A-3EB5-4DDD-9DE8-FC7C11E2E2C6}.Release|x64.Build.0 = Release|Any CPU
		{B2A2C41A-3EB5-4DDD-9DE8-FC7C11E2E2C6}.Release|x86.ActiveCfg = Release|Any CPU
		{B2A2C41A-3EB5-4DDD-9DE8-FC7C11E2E2C6}.Release|x86.Build.0 = Release|Any CPU
		{38038BD6-FD44-4D32-96F0-83872AC8573F}.Debug|Any CPU.ActiveCfg = Debug|Any CPU
		{38038BD6-FD44-4D32-96F0-83872AC8573F}.Debug|Any CPU.Build.0 = Debug|Any CPU
		{38038BD6-FD44-4D32-96F0-83872AC8573F}.Debug|Any CPU.Deploy.0 = Debug|Any CPU
		{38038BD6-FD44-4D32-96F0-83872AC8573F}.Debug|ARM.ActiveCfg = Debug|ARM
		{38038BD6-FD44-4D32-96F0-83872AC8573F}.Debug|ARM.Build.0 = Debug|ARM
		{38038BD6-FD44-4D32-96F0-83872AC8573F}.Debug|ARM.Deploy.0 = Debug|ARM
		{38038BD6-FD44-4D32-96F0-83872AC8573F}.Debug|x64.ActiveCfg = Debug|x64
		{38038BD6-FD44-4D32-96F0-83872AC8573F}.Debug|x64.Build.0 = Debug|x64
		{38038BD6-FD44-4D32-96F0-83872AC8573F}.Debug|x64.Deploy.0 = Debug|x64
		{38038BD6-FD44-4D32-96F0-83872AC8573F}.Debug|x86.ActiveCfg = Debug|x86
		{38038BD6-FD44-4D32-96F0-83872AC8573F}.Debug|x86.Build.0 = Debug|x86
		{38038BD6-FD44-4D32-96F0-83872AC8573F}.Debug|x86.Deploy.0 = Debug|x86
		{38038BD6-FD44-4D32-96F0-83872AC8573F}.Release|Any CPU.ActiveCfg = Release|Any CPU
		{38038BD6-FD44-4D32-96F0-83872AC8573F}.Release|Any CPU.Build.0 = Release|Any CPU
		{38038BD6-FD44-4D32-96F0-83872AC8573F}.Release|Any CPU.Deploy.0 = Release|Any CPU
		{38038BD6-FD44-4D32-96F0-83872AC8573F}.Release|ARM.ActiveCfg = Release|ARM
		{38038BD6-FD44-4D32-96F0-83872AC8573F}.Release|ARM.Build.0 = Release|ARM
		{38038BD6-FD44-4D32-96F0-83872AC8573F}.Release|ARM.Deploy.0 = Release|ARM
		{38038BD6-FD44-4D32-96F0-83872AC8573F}.Release|x64.ActiveCfg = Release|x64
		{38038BD6-FD44-4D32-96F0-83872AC8573F}.Release|x64.Build.0 = Release|x64
		{38038BD6-FD44-4D32-96F0-83872AC8573F}.Release|x64.Deploy.0 = Release|x64
		{38038BD6-FD44-4D32-96F0-83872AC8573F}.Release|x86.ActiveCfg = Release|x86
		{38038BD6-FD44-4D32-96F0-83872AC8573F}.Release|x86.Build.0 = Release|x86
		{38038BD6-FD44-4D32-96F0-83872AC8573F}.Release|x86.Deploy.0 = Release|x86
	EndGlobalSection
	GlobalSection(SolutionProperties) = preSolution
		HideSolutionNode = FALSE
	EndGlobalSection
EndGlobal
