
Microsoft Visual Studio Solution File, Format Version 12.00
# Visual Studio 15
VisualStudioVersion = 15.0.25428.1
MinimumVisualStudioVersion = 10.0.40219.1
Project("{FAE04EC0-301F-11D3-BF4B-00C04F79EFBC}") = "Enhance", "Enhance\Enhance.csproj", "{E4C3D351-9C5B-483D-B80D-C5B724CE7F4E}"
EndProject
Project("{365BE41E-7993-430D-A5E6-1381A54BC077}") = "Enhance.DesktopToUWP", "Enhance.DesktopToUWP\Enhance.DesktopToUWP.vsdproj", "{C39AAF68-C230-430B-9912-EA3571EA4BA1}"
EndProject
Global
	GlobalSection(SolutionConfigurationPlatforms) = preSolution
		Debug|Any CPU = Debug|Any CPU
		Debug|ARM = Debug|ARM
		Debug|x64 = Debug|x64
		Debug|x86 = Debug|x86
		DesktopUWP|Any CPU = DesktopUWP|Any CPU
		DesktopUWP|ARM = DesktopUWP|ARM
		DesktopUWP|x64 = DesktopUWP|x64
		DesktopUWP|x86 = DesktopUWP|x86
		Release|Any CPU = Release|Any CPU
		Release|ARM = Release|ARM
		Release|x64 = Release|x64
		Release|x86 = Release|x86
	EndGlobalSection
	GlobalSection(ProjectConfigurationPlatforms) = postSolution
		{E4C3D351-9C5B-483D-B80D-C5B724CE7F4E}.Debug|Any CPU.ActiveCfg = Debug|Any CPU
		{E4C3D351-9C5B-483D-B80D-C5B724CE7F4E}.Debug|Any CPU.Build.0 = Debug|Any CPU
		{E4C3D351-9C5B-483D-B80D-C5B724CE7F4E}.Debug|ARM.ActiveCfg = Debug|Any CPU
		{E4C3D351-9C5B-483D-B80D-C5B724CE7F4E}.Debug|ARM.Build.0 = Debug|Any CPU
		{E4C3D351-9C5B-483D-B80D-C5B724CE7F4E}.Debug|x64.ActiveCfg = Debug|Any CPU
		{E4C3D351-9C5B-483D-B80D-C5B724CE7F4E}.Debug|x64.Build.0 = Debug|Any CPU
		{E4C3D351-9C5B-483D-B80D-C5B724CE7F4E}.Debug|x86.ActiveCfg = Debug|Any CPU
		{E4C3D351-9C5B-483D-B80D-C5B724CE7F4E}.Debug|x86.Build.0 = Debug|Any CPU
		{E4C3D351-9C5B-483D-B80D-C5B724CE7F4E}.DesktopUWP|Any CPU.ActiveCfg = DesktopUWP|Any CPU
		{E4C3D351-9C5B-483D-B80D-C5B724CE7F4E}.DesktopUWP|Any CPU.Build.0 = DesktopUWP|Any CPU
		{E4C3D351-9C5B-483D-B80D-C5B724CE7F4E}.DesktopUWP|ARM.ActiveCfg = DesktopUWP|Any CPU
		{E4C3D351-9C5B-483D-B80D-C5B724CE7F4E}.DesktopUWP|ARM.Build.0 = DesktopUWP|Any CPU
		{E4C3D351-9C5B-483D-B80D-C5B724CE7F4E}.DesktopUWP|x64.ActiveCfg = DesktopUWP|Any CPU
		{E4C3D351-9C5B-483D-B80D-C5B724CE7F4E}.DesktopUWP|x64.Build.0 = DesktopUWP|Any CPU
		{E4C3D351-9C5B-483D-B80D-C5B724CE7F4E}.DesktopUWP|x86.ActiveCfg = DesktopUWP|Any CPU
		{E4C3D351-9C5B-483D-B80D-C5B724CE7F4E}.DesktopUWP|x86.Build.0 = DesktopUWP|Any CPU
		{E4C3D351-9C5B-483D-B80D-C5B724CE7F4E}.Release|Any CPU.ActiveCfg = Release|Any CPU
		{E4C3D351-9C5B-483D-B80D-C5B724CE7F4E}.Release|Any CPU.Build.0 = Release|Any CPU
		{E4C3D351-9C5B-483D-B80D-C5B724CE7F4E}.Release|ARM.ActiveCfg = Release|Any CPU
		{E4C3D351-9C5B-483D-B80D-C5B724CE7F4E}.Release|ARM.Build.0 = Release|Any CPU
		{E4C3D351-9C5B-483D-B80D-C5B724CE7F4E}.Release|x64.ActiveCfg = Release|Any CPU
		{E4C3D351-9C5B-483D-B80D-C5B724CE7F4E}.Release|x64.Build.0 = Release|Any CPU
		{E4C3D351-9C5B-483D-B80D-C5B724CE7F4E}.Release|x86.ActiveCfg = Release|Any CPU
		{E4C3D351-9C5B-483D-B80D-C5B724CE7F4E}.Release|x86.Build.0 = Release|Any CPU
		{C39AAF68-C230-430B-9912-EA3571EA4BA1}.Debug|Any CPU.ActiveCfg = Debug|Any CPU
		{C39AAF68-C230-430B-9912-EA3571EA4BA1}.Debug|Any CPU.Build.0 = Debug|Any CPU
		{C39AAF68-C230-430B-9912-EA3571EA4BA1}.Debug|Any CPU.Deploy.0 = Debug|Any CPU
		{C39AAF68-C230-430B-9912-EA3571EA4BA1}.Debug|ARM.ActiveCfg = Debug|ARM
		{C39AAF68-C230-430B-9912-EA3571EA4BA1}.Debug|ARM.Build.0 = Debug|ARM
		{C39AAF68-C230-430B-9912-EA3571EA4BA1}.Debug|ARM.Deploy.0 = Debug|ARM
		{C39AAF68-C230-430B-9912-EA3571EA4BA1}.Debug|x64.ActiveCfg = Debug|x64
		{C39AAF68-C230-430B-9912-EA3571EA4BA1}.Debug|x64.Build.0 = Debug|x64
		{C39AAF68-C230-430B-9912-EA3571EA4BA1}.Debug|x64.Deploy.0 = Debug|x64
		{C39AAF68-C230-430B-9912-EA3571EA4BA1}.Debug|x86.ActiveCfg = Debug|x86
		{C39AAF68-C230-430B-9912-EA3571EA4BA1}.Debug|x86.Build.0 = Debug|x86
		{C39AAF68-C230-430B-9912-EA3571EA4BA1}.Debug|x86.Deploy.0 = Debug|x86
		{C39AAF68-C230-430B-9912-EA3571EA4BA1}.DesktopUWP|Any CPU.ActiveCfg = Debug|Any CPU
		{C39AAF68-C230-430B-9912-EA3571EA4BA1}.DesktopUWP|Any CPU.Build.0 = Debug|Any CPU
		{C39AAF68-C230-430B-9912-EA3571EA4BA1}.DesktopUWP|Any CPU.Deploy.0 = Debug|Any CPU
		{C39AAF68-C230-430B-9912-EA3571EA4BA1}.DesktopUWP|ARM.ActiveCfg = Debug|ARM
		{C39AAF68-C230-430B-9912-EA3571EA4BA1}.DesktopUWP|ARM.Build.0 = Debug|ARM
		{C39AAF68-C230-430B-9912-EA3571EA4BA1}.DesktopUWP|ARM.Deploy.0 = Debug|ARM
		{C39AAF68-C230-430B-9912-EA3571EA4BA1}.DesktopUWP|x64.ActiveCfg = Debug|x64
		{C39AAF68-C230-430B-9912-EA3571EA4BA1}.DesktopUWP|x64.Build.0 = Debug|x64
		{C39AAF68-C230-430B-9912-EA3571EA4BA1}.DesktopUWP|x64.Deploy.0 = Debug|x64
		{C39AAF68-C230-430B-9912-EA3571EA4BA1}.DesktopUWP|x86.ActiveCfg = Debug|x86
		{C39AAF68-C230-430B-9912-EA3571EA4BA1}.DesktopUWP|x86.Build.0 = Debug|x86
		{C39AAF68-C230-430B-9912-EA3571EA4BA1}.DesktopUWP|x86.Deploy.0 = Debug|x86
		{C39AAF68-C230-430B-9912-EA3571EA4BA1}.Release|Any CPU.ActiveCfg = Release|Any CPU
		{C39AAF68-C230-430B-9912-EA3571EA4BA1}.Release|Any CPU.Build.0 = Release|Any CPU
		{C39AAF68-C230-430B-9912-EA3571EA4BA1}.Release|Any CPU.Deploy.0 = Release|Any CPU
		{C39AAF68-C230-430B-9912-EA3571EA4BA1}.Release|ARM.ActiveCfg = Release|ARM
		{C39AAF68-C230-430B-9912-EA3571EA4BA1}.Release|ARM.Build.0 = Release|ARM
		{C39AAF68-C230-430B-9912-EA3571EA4BA1}.Release|ARM.Deploy.0 = Release|ARM
		{C39AAF68-C230-430B-9912-EA3571EA4BA1}.Release|x64.ActiveCfg = Release|x64
		{C39AAF68-C230-430B-9912-EA3571EA4BA1}.Release|x64.Build.0 = Release|x64
		{C39AAF68-C230-430B-9912-EA3571EA4BA1}.Release|x64.Deploy.0 = Release|x64
		{C39AAF68-C230-430B-9912-EA3571EA4BA1}.Release|x86.ActiveCfg = Release|x86
		{C39AAF68-C230-430B-9912-EA3571EA4BA1}.Release|x86.Build.0 = Release|x86
		{C39AAF68-C230-430B-9912-EA3571EA4BA1}.Release|x86.Deploy.0 = Release|x86
	EndGlobalSection
	GlobalSection(SolutionProperties) = preSolution
		HideSolutionNode = FALSE
	EndGlobalSection
EndGlobal
