
Microsoft Visual Studio Solution File, Format Version 12.00
# Visual Studio 15
VisualStudioVersion = 15.0.25428.1
MinimumVisualStudioVersion = 10.0.40219.1
Project("{FAE04EC0-301F-11D3-BF4B-00C04F79EFBC}") = "Convert", "Convert\Convert.csproj", "{568F74FB-85B2-4884-A7E2-5866F25B20E4}"
EndProject
Project("{365BE41E-7993-430D-A5E6-1381A54BC077}") = "Convert.DesktopToUWP", "Convert.DesktopToUWP\Convert.DesktopToUWP.vsdproj", "{9C486BF1-F3D1-4413-AF63-26B35110605C}"
EndProject
Global
	GlobalSection(SolutionConfigurationPlatforms) = preSolution
		Debug|Any CPU = Debug|Any CPU
		Debug|ARM = Debug|ARM
		Debug|x64 = Debug|x64
		Debug|x86 = Debug|x86
		Release|Any CPU = Release|Any CPU
		Release|ARM = Release|ARM
		Release|x64 = Release|x64
		Release|x86 = Release|x86
	EndGlobalSection
	GlobalSection(ProjectConfigurationPlatforms) = postSolution
		{568F74FB-85B2-4884-A7E2-5866F25B20E4}.Debug|Any CPU.ActiveCfg = Debug|Any CPU
		{568F74FB-85B2-4884-A7E2-5866F25B20E4}.Debug|Any CPU.Build.0 = Debug|Any CPU
		{568F74FB-85B2-4884-A7E2-5866F25B20E4}.Debug|ARM.ActiveCfg = Debug|Any CPU
		{568F74FB-85B2-4884-A7E2-5866F25B20E4}.Debug|ARM.Build.0 = Debug|Any CPU
		{568F74FB-85B2-4884-A7E2-5866F25B20E4}.Debug|x64.ActiveCfg = Debug|Any CPU
		{568F74FB-85B2-4884-A7E2-5866F25B20E4}.Debug|x64.Build.0 = Debug|Any CPU
		{568F74FB-85B2-4884-A7E2-5866F25B20E4}.Debug|x86.ActiveCfg = Debug|Any CPU
		{568F74FB-85B2-4884-A7E2-5866F25B20E4}.Debug|x86.Build.0 = Debug|Any CPU
		{568F74FB-85B2-4884-A7E2-5866F25B20E4}.Release|Any CPU.ActiveCfg = Release|Any CPU
		{568F74FB-85B2-4884-A7E2-5866F25B20E4}.Release|Any CPU.Build.0 = Release|Any CPU
		{568F74FB-85B2-4884-A7E2-5866F25B20E4}.Release|ARM.ActiveCfg = Release|Any CPU
		{568F74FB-85B2-4884-A7E2-5866F25B20E4}.Release|ARM.Build.0 = Release|Any CPU
		{568F74FB-85B2-4884-A7E2-5866F25B20E4}.Release|x64.ActiveCfg = Release|Any CPU
		{568F74FB-85B2-4884-A7E2-5866F25B20E4}.Release|x64.Build.0 = Release|Any CPU
		{568F74FB-85B2-4884-A7E2-5866F25B20E4}.Release|x86.ActiveCfg = Release|Any CPU
		{568F74FB-85B2-4884-A7E2-5866F25B20E4}.Release|x86.Build.0 = Release|Any CPU
		{9C486BF1-F3D1-4413-AF63-26B35110605C}.Debug|Any CPU.ActiveCfg = Debug|Any CPU
		{9C486BF1-F3D1-4413-AF63-26B35110605C}.Debug|Any CPU.Build.0 = Debug|Any CPU
		{9C486BF1-F3D1-4413-AF63-26B35110605C}.Debug|Any CPU.Deploy.0 = Debug|Any CPU
		{9C486BF1-F3D1-4413-AF63-26B35110605C}.Debug|ARM.ActiveCfg = Debug|ARM
		{9C486BF1-F3D1-4413-AF63-26B35110605C}.Debug|ARM.Build.0 = Debug|ARM
		{9C486BF1-F3D1-4413-AF63-26B35110605C}.Debug|ARM.Deploy.0 = Debug|ARM
		{9C486BF1-F3D1-4413-AF63-26B35110605C}.Debug|x64.ActiveCfg = Debug|x64
		{9C486BF1-F3D1-4413-AF63-26B35110605C}.Debug|x64.Build.0 = Debug|x64
		{9C486BF1-F3D1-4413-AF63-26B35110605C}.Debug|x64.Deploy.0 = Debug|x64
		{9C486BF1-F3D1-4413-AF63-26B35110605C}.Debug|x86.ActiveCfg = Debug|x86
		{9C486BF1-F3D1-4413-AF63-26B35110605C}.Debug|x86.Build.0 = Debug|x86
		{9C486BF1-F3D1-4413-AF63-26B35110605C}.Debug|x86.Deploy.0 = Debug|x86
		{9C486BF1-F3D1-4413-AF63-26B35110605C}.Release|Any CPU.ActiveCfg = Release|Any CPU
		{9C486BF1-F3D1-4413-AF63-26B35110605C}.Release|Any CPU.Build.0 = Release|Any CPU
		{9C486BF1-F3D1-4413-AF63-26B35110605C}.Release|Any CPU.Deploy.0 = Release|Any CPU
		{9C486BF1-F3D1-4413-AF63-26B35110605C}.Release|ARM.ActiveCfg = Release|ARM
		{9C486BF1-F3D1-4413-AF63-26B35110605C}.Release|ARM.Build.0 = Release|ARM
		{9C486BF1-F3D1-4413-AF63-26B35110605C}.Release|ARM.Deploy.0 = Release|ARM
		{9C486BF1-F3D1-4413-AF63-26B35110605C}.Release|x64.ActiveCfg = Release|x64
		{9C486BF1-F3D1-4413-AF63-26B35110605C}.Release|x64.Build.0 = Release|x64
		{9C486BF1-F3D1-4413-AF63-26B35110605C}.Release|x64.Deploy.0 = Release|x64
		{9C486BF1-F3D1-4413-AF63-26B35110605C}.Release|x86.ActiveCfg = Release|x86
		{9C486BF1-F3D1-4413-AF63-26B35110605C}.Release|x86.Build.0 = Release|x86
		{9C486BF1-F3D1-4413-AF63-26B35110605C}.Release|x86.Deploy.0 = Release|x86
	EndGlobalSection
	GlobalSection(SolutionProperties) = preSolution
		HideSolutionNode = FALSE
	EndGlobalSection
EndGlobal
