
Microsoft Visual Studio Solution File, Format Version 12.00
# Visual Studio 15
VisualStudioVersion = 15.0.25807.0
MinimumVisualStudioVersion = 10.0.40219.1
Project("{FAE04EC0-301F-11D3-BF4B-00C04F79EFBC}") = "Extend", "Extend\Extend.csproj", "{DBF35543-BE6F-4D1C-AE5C-B5BE25F438C3}"
EndProject
Project("{FAE04EC0-301F-11D3-BF4B-00C04F79EFBC}") = "TileBackgroundTask", "TileBackgroundTask\TileBackgroundTask.csproj", "{2E85FD7B-44FA-4C79-8CAF-A316B5772F69}"
EndProject
Project("{365BE41E-7993-430D-A5E6-1381A54BC077}") = "Extend.DesktopToUWP", "Extend.DesktopToUWP\Extend.DesktopToUWP.vsdproj", "{895C6FBC-B597-4631-B921-5104AB7CD68B}"
EndProject
Global
	GlobalSection(SolutionConfigurationPlatforms) = preSolution
		Debug|Any CPU = Debug|Any CPU
		Debug|ARM = Debug|ARM
		Debug|x64 = Debug|x64
		Debug|x86 = Debug|x86
		Release|Any CPU = Release|Any CPU
		Release|ARM = Release|ARM
		Release|x64 = Release|x64
		Release|x86 = Release|x86
	EndGlobalSection
	GlobalSection(ProjectConfigurationPlatforms) = postSolution
		{DBF35543-BE6F-4D1C-AE5C-B5BE25F438C3}.Debug|Any CPU.ActiveCfg = Debug|Any CPU
		{DBF35543-BE6F-4D1C-AE5C-B5BE25F438C3}.Debug|Any CPU.Build.0 = Debug|Any CPU
		{DBF35543-BE6F-4D1C-AE5C-B5BE25F438C3}.Debug|ARM.ActiveCfg = Debug|Any CPU
		{DBF35543-BE6F-4D1C-AE5C-B5BE25F438C3}.Debug|ARM.Build.0 = Debug|Any CPU
		{DBF35543-BE6F-4D1C-AE5C-B5BE25F438C3}.Debug|x64.ActiveCfg = Debug|Any CPU
		{DBF35543-BE6F-4D1C-AE5C-B5BE25F438C3}.Debug|x64.Build.0 = Debug|Any CPU
		{DBF35543-BE6F-4D1C-AE5C-B5BE25F438C3}.Debug|x86.ActiveCfg = Debug|Any CPU
		{DBF35543-BE6F-4D1C-AE5C-B5BE25F438C3}.Debug|x86.Build.0 = Debug|Any CPU
		{DBF35543-BE6F-4D1C-AE5C-B5BE25F438C3}.Release|Any CPU.ActiveCfg = Release|Any CPU
		{DBF35543-BE6F-4D1C-AE5C-B5BE25F438C3}.Release|Any CPU.Build.0 = Release|Any CPU
		{DBF35543-BE6F-4D1C-AE5C-B5BE25F438C3}.Release|ARM.ActiveCfg = Release|Any CPU
		{DBF35543-BE6F-4D1C-AE5C-B5BE25F438C3}.Release|ARM.Build.0 = Release|Any CPU
		{DBF35543-BE6F-4D1C-AE5C-B5BE25F438C3}.Release|x64.ActiveCfg = Release|Any CPU
		{DBF35543-BE6F-4D1C-AE5C-B5BE25F438C3}.Release|x64.Build.0 = Release|Any CPU
		{DBF35543-BE6F-4D1C-AE5C-B5BE25F438C3}.Release|x86.ActiveCfg = Release|Any CPU
		{DBF35543-BE6F-4D1C-AE5C-B5BE25F438C3}.Release|x86.Build.0 = Release|Any CPU
		{2E85FD7B-44FA-4C79-8CAF-A316B5772F69}.Debug|Any CPU.ActiveCfg = Debug|Any CPU
		{2E85FD7B-44FA-4C79-8CAF-A316B5772F69}.Debug|Any CPU.Build.0 = Debug|Any CPU
		{2E85FD7B-44FA-4C79-8CAF-A316B5772F69}.Debug|ARM.ActiveCfg = Debug|ARM
		{2E85FD7B-44FA-4C79-8CAF-A316B5772F69}.Debug|ARM.Build.0 = Debug|ARM
		{2E85FD7B-44FA-4C79-8CAF-A316B5772F69}.Debug|x64.ActiveCfg = Debug|x64
		{2E85FD7B-44FA-4C79-8CAF-A316B5772F69}.Debug|x64.Build.0 = Debug|x64
		{2E85FD7B-44FA-4C79-8CAF-A316B5772F69}.Debug|x86.ActiveCfg = Debug|x86
		{2E85FD7B-44FA-4C79-8CAF-A316B5772F69}.Debug|x86.Build.0 = Debug|x86
		{2E85FD7B-44FA-4C79-8CAF-A316B5772F69}.Release|Any CPU.ActiveCfg = Release|Any CPU
		{2E85FD7B-44FA-4C79-8CAF-A316B5772F69}.Release|Any CPU.Build.0 = Release|Any CPU
		{2E85FD7B-44FA-4C79-8CAF-A316B5772F69}.Release|ARM.ActiveCfg = Release|ARM
		{2E85FD7B-44FA-4C79-8CAF-A316B5772F69}.Release|ARM.Build.0 = Release|ARM
		{2E85FD7B-44FA-4C79-8CAF-A316B5772F69}.Release|x64.ActiveCfg = Release|x64
		{2E85FD7B-44FA-4C79-8CAF-A316B5772F69}.Release|x64.Build.0 = Release|x64
		{2E85FD7B-44FA-4C79-8CAF-A316B5772F69}.Release|x86.ActiveCfg = Release|x86
		{2E85FD7B-44FA-4C79-8CAF-A316B5772F69}.Release|x86.Build.0 = Release|x86
		{895C6FBC-B597-4631-B921-5104AB7CD68B}.Debug|Any CPU.ActiveCfg = Debug|Any CPU
		{895C6FBC-B597-4631-B921-5104AB7CD68B}.Debug|Any CPU.Build.0 = Debug|Any CPU
		{895C6FBC-B597-4631-B921-5104AB7CD68B}.Debug|Any CPU.Deploy.0 = Debug|Any CPU
		{895C6FBC-B597-4631-B921-5104AB7CD68B}.Debug|ARM.ActiveCfg = Debug|ARM
		{895C6FBC-B597-4631-B921-5104AB7CD68B}.Debug|ARM.Build.0 = Debug|ARM
		{895C6FBC-B597-4631-B921-5104AB7CD68B}.Debug|ARM.Deploy.0 = Debug|ARM
		{895C6FBC-B597-4631-B921-5104AB7CD68B}.Debug|x64.ActiveCfg = Debug|x64
		{895C6FBC-B597-4631-B921-5104AB7CD68B}.Debug|x64.Build.0 = Debug|x64
		{895C6FBC-B597-4631-B921-5104AB7CD68B}.Debug|x64.Deploy.0 = Debug|x64
		{895C6FBC-B597-4631-B921-5104AB7CD68B}.Debug|x86.ActiveCfg = Debug|x86
		{895C6FBC-B597-4631-B921-5104AB7CD68B}.Debug|x86.Build.0 = Debug|x86
		{895C6FBC-B597-4631-B921-5104AB7CD68B}.Debug|x86.Deploy.0 = Debug|x86
		{895C6FBC-B597-4631-B921-5104AB7CD68B}.Release|Any CPU.ActiveCfg = Release|Any CPU
		{895C6FBC-B597-4631-B921-5104AB7CD68B}.Release|Any CPU.Build.0 = Release|Any CPU
		{895C6FBC-B597-4631-B921-5104AB7CD68B}.Release|Any CPU.Deploy.0 = Release|Any CPU
		{895C6FBC-B597-4631-B921-5104AB7CD68B}.Release|ARM.ActiveCfg = Release|ARM
		{895C6FBC-B597-4631-B921-5104AB7CD68B}.Release|ARM.Build.0 = Release|ARM
		{895C6FBC-B597-4631-B921-5104AB7CD68B}.Release|ARM.Deploy.0 = Release|ARM
		{895C6FBC-B597-4631-B921-5104AB7CD68B}.Release|x64.ActiveCfg = Release|x64
		{895C6FBC-B597-4631-B921-5104AB7CD68B}.Release|x64.Build.0 = Release|x64
		{895C6FBC-B597-4631-B921-5104AB7CD68B}.Release|x64.Deploy.0 = Release|x64
		{895C6FBC-B597-4631-B921-5104AB7CD68B}.Release|x86.ActiveCfg = Release|x86
		{895C6FBC-B597-4631-B921-5104AB7CD68B}.Release|x86.Build.0 = Release|x86
		{895C6FBC-B597-4631-B921-5104AB7CD68B}.Release|x86.Deploy.0 = Release|x86
	EndGlobalSection
	GlobalSection(SolutionProperties) = preSolution
		HideSolutionNode = FALSE
	EndGlobalSection
EndGlobal
